// !$*UTF8*$!
{
	archiveVersion = 1;
	classes = {
	};
	objectVersion = 46;
	objects = {

/* Begin PBXBuildFile section */
		6F7480991A10FBF000802F6F /* AppDelegate.swift in Sources */ = {isa = PBXBuildFile; fileRef = 6F7480981A10FBF000802F6F /* AppDelegate.swift */; };
		6F74809C1A10FBF000802F6F /* ExchangeAGram.xcdatamodeld in Sources */ = {isa = PBXBuildFile; fileRef = 6F74809A1A10FBF000802F6F /* ExchangeAGram.xcdatamodeld */; };
		6F7480A11A10FBF100802F6F /* Main.storyboard in Resources */ = {isa = PBXBuildFile; fileRef = 6F74809F1A10FBF100802F6F /* Main.storyboard */; };
		6F7480A31A10FBF100802F6F /* Images.xcassets in Resources */ = {isa = PBXBuildFile; fileRef = 6F7480A21A10FBF100802F6F /* Images.xcassets */; };
		6F7480A61A10FBF100802F6F /* LaunchScreen.xib in Resources */ = {isa = PBXBuildFile; fileRef = 6F7480A41A10FBF100802F6F /* LaunchScreen.xib */; };
		6F7480B21A10FBF100802F6F /* ExchangeAGramTests.swift in Sources */ = {isa = PBXBuildFile; fileRef = 6F7480B11A10FBF100802F6F /* ExchangeAGramTests.swift */; };
		6F7480BC1A10FDA600802F6F /* FeedViewController.swift in Sources */ = {isa = PBXBuildFile; fileRef = 6F7480BB1A10FDA600802F6F /* FeedViewController.swift */; };
		6F7480BE1A11014F00802F6F /* FeedCell.swift in Sources */ = {isa = PBXBuildFile; fileRef = 6F7480BD1A11014F00802F6F /* FeedCell.swift */; };
		6F7480C01A11037B00802F6F /* MobileCoreServices.framework in Frameworks */ = {isa = PBXBuildFile; fileRef = 6F7480BF1A11037B00802F6F /* MobileCoreServices.framework */; };
		6FB625FC1A13496300F6C396 /* FeedItem.swift in Sources */ = {isa = PBXBuildFile; fileRef = 6FB625FB1A13496300F6C396 /* FeedItem.swift */; };
/* End PBXBuildFile section */

/* Begin PBXContainerItemProxy section */
		6F7480AC1A10FBF100802F6F /* PBXContainerItemProxy */ = {
			isa = PBXContainerItemProxy;
			containerPortal = 6F74808B1A10FBF000802F6F /* Project object */;
			proxyType = 1;
			remoteGlobalIDString = 6F7480921A10FBF000802F6F;
			remoteInfo = ExchangeAGram;
		};
/* End PBXContainerItemProxy section */

/* Begin PBXFileReference section */
		6F7480931A10FBF000802F6F /* ExchangeAGram.app */ = {isa = PBXFileReference; explicitFileType = wrapper.application; includeInIndex = 0; path = ExchangeAGram.app; sourceTree = BUILT_PRODUCTS_DIR; };
		6F7480971A10FBF000802F6F /* Info.plist */ = {isa = PBXFileReference; lastKnownFileType = text.plist.xml; path = Info.plist; sourceTree = "<group>"; };
		6F7480981A10FBF000802F6F /* AppDelegate.swift */ = {isa = PBXFileReference; lastKnownFileType = sourcecode.swift; path = AppDelegate.swift; sourceTree = "<group>"; };
		6F74809B1A10FBF000802F6F /* ExchangeAGram.xcdatamodel */ = {isa = PBXFileReference; lastKnownFileType = wrapper.xcdatamodel; path = ExchangeAGram.xcdatamodel; sourceTree = "<group>"; };
		6F7480A01A10FBF100802F6F /* Base */ = {isa = PBXFileReference; lastKnownFileType = file.storyboard; name = Base; path = Base.lproj/Main.storyboard; sourceTree = "<group>"; };
		6F7480A21A10FBF100802F6F /* Images.xcassets */ = {isa = PBXFileReference; lastKnownFileType = folder.assetcatalog; path = Images.xcassets; sourceTree = "<group>"; };
		6F7480A51A10FBF100802F6F /* Base */ = {isa = PBXFileReference; lastKnownFileType = file.xib; name = Base; path = Base.lproj/LaunchScreen.xib; sourceTree = "<group>"; };
		6F7480AB1A10FBF100802F6F /* ExchangeAGramTests.xctest */ = {isa = PBXFileReference; explicitFileType = wrapper.cfbundle; includeInIndex = 0; path = ExchangeAGramTests.xctest; sourceTree = BUILT_PRODUCTS_DIR; };
		6F7480B01A10FBF100802F6F /* Info.plist */ = {isa = PBXFileReference; lastKnownFileType = text.plist.xml; path = Info.plist; sourceTree = "<group>"; };
		6F7480B11A10FBF100802F6F /* ExchangeAGramTests.swift */ = {isa = PBXFileReference; lastKnownFileType = sourcecode.swift; path = ExchangeAGramTests.swift; sourceTree = "<group>"; };
		6F7480BB1A10FDA600802F6F /* FeedViewController.swift */ = {isa = PBXFileReference; fileEncoding = 4; lastKnownFileType = sourcecode.swift; path = FeedViewController.swift; sourceTree = "<group>"; };
		6F7480BD1A11014F00802F6F /* FeedCell.swift */ = {isa = PBXFileReference; fileEncoding = 4; lastKnownFileType = sourcecode.swift; path = FeedCell.swift; sourceTree = "<group>"; };
		6F7480BF1A11037B00802F6F /* MobileCoreServices.framework */ = {isa = PBXFileReference; lastKnownFileType = wrapper.framework; name = MobileCoreServices.framework; path = System/Library/Frameworks/MobileCoreServices.framework; sourceTree = SDKROOT; };
		6FB625FB1A13496300F6C396 /* FeedItem.swift */ = {isa = PBXFileReference; fileEncoding = 4; lastKnownFileType = sourcecode.swift; path = FeedItem.swift; sourceTree = "<group>"; };
/* End PBXFileReference section */

/* Begin PBXFrameworksBuildPhase section */
		6F7480901A10FBF000802F6F /* Frameworks */ = {
			isa = PBXFrameworksBuildPhase;
			buildActionMask = 2147483647;
			files = (
				6F7480C01A11037B00802F6F /* MobileCoreServices.framework in Frameworks */,
			);
			runOnlyForDeploymentPostprocessing = 0;
		};
		6F7480A81A10FBF100802F6F /* Frameworks */ = {
			isa = PBXFrameworksBuildPhase;
			buildActionMask = 2147483647;
			files = (
			);
			runOnlyForDeploymentPostprocessing = 0;
		};
/* End PBXFrameworksBuildPhase section */

/* Begin PBXGroup section */
		6F74808A1A10FBF000802F6F = {
			isa = PBXGroup;
			children = (
				6F7480951A10FBF000802F6F /* ExchangeAGram */,
				6F7480AE1A10FBF100802F6F /* ExchangeAGramTests */,
				6F7480941A10FBF000802F6F /* Products */,
			);
			sourceTree = "<group>";
		};
		6F7480941A10FBF000802F6F /* Products */ = {
			isa = PBXGroup;
			children = (
				6F7480931A10FBF000802F6F /* ExchangeAGram.app */,
				6F7480AB1A10FBF100802F6F /* ExchangeAGramTests.xctest */,
			);
			name = Products;
			sourceTree = "<group>";
		};
		6F7480951A10FBF000802F6F /* ExchangeAGram */ = {
			isa = PBXGroup;
			children = (
				6F7480981A10FBF000802F6F /* AppDelegate.swift */,
				6F7480BB1A10FDA600802F6F /* FeedViewController.swift */,
				6F7480BD1A11014F00802F6F /* FeedCell.swift */,
				6F74809F1A10FBF100802F6F /* Main.storyboard */,
				6F7480A21A10FBF100802F6F /* Images.xcassets */,
				6F7480A41A10FBF100802F6F /* LaunchScreen.xib */,
				6F74809A1A10FBF000802F6F /* ExchangeAGram.xcdatamodeld */,
				6FB625FB1A13496300F6C396 /* FeedItem.swift */,
				6F7480961A10FBF000802F6F /* Supporting Files */,
			);
			path = ExchangeAGram;
			sourceTree = "<group>";
		};
		6F7480961A10FBF000802F6F /* Supporting Files */ = {
			isa = PBXGroup;
			children = (
				6F7480BF1A11037B00802F6F /* MobileCoreServices.framework */,
				6F7480971A10FBF000802F6F /* Info.plist */,
			);
			name = "Supporting Files";
			sourceTree = "<group>";
		};
		6F7480AE1A10FBF100802F6F /* ExchangeAGramTests */ = {
			isa = PBXGroup;
			children = (
				6F7480B11A10FBF100802F6F /* ExchangeAGramTests.swift */,
				6F7480AF1A10FBF100802F6F /* Supporting Files */,
			);
			path = ExchangeAGramTests;
			sourceTree = "<group>";
		};
		6F7480AF1A10FBF100802F6F /* Supporting Files */ = {
			isa = PBXGroup;
			children = (
				6F7480B01A10FBF100802F6F /* Info.plist */,
			);
			name = "Supporting Files";
			sourceTree = "<group>";
		};
/* End PBXGroup section */

/* Begin PBXNativeTarget section */
		6F7480921A10FBF000802F6F /* ExchangeAGram */ = {
			isa = PBXNativeTarget;
			buildConfigurationList = 6F7480B51A10FBF100802F6F /* Build configuration list for PBXNativeTarget "ExchangeAGram" */;
			buildPhases = (
				6F74808F1A10FBF000802F6F /* Sources */,
				6F7480901A10FBF000802F6F /* Frameworks */,
				6F7480911A10FBF000802F6F /* Resources */,
			);
			buildRules = (
			);
			dependencies = (
			);
			name = ExchangeAGram;
			productName = ExchangeAGram;
			productReference = 6F7480931A10FBF000802F6F /* ExchangeAGram.app */;
			productType = "com.apple.product-type.application";
		};
		6F7480AA1A10FBF100802F6F /* ExchangeAGramTests */ = {
			isa = PBXNativeTarget;
			buildConfigurationList = 6F7480B81A10FBF100802F6F /* Build configuration list for PBXNativeTarget "ExchangeAGramTests" */;
			buildPhases = (
				6F7480A71A10FBF100802F6F /* Sources */,
				6F7480A81A10FBF100802F6F /* Frameworks */,
				6F7480A91A10FBF100802F6F /* Resources */,
			);
			buildRules = (
			);
			dependencies = (
				6F7480AD1A10FBF100802F6F /* PBXTargetDependency */,
			);
			name = ExchangeAGramTests;
			productName = ExchangeAGramTests;
			productReference = 6F7480AB1A10FBF100802F6F /* ExchangeAGramTests.xctest */;
			productType = "com.apple.product-type.bundle.unit-test";
		};
/* End PBXNativeTarget section */

/* Begin PBXProject section */
		6F74808B1A10FBF000802F6F /* Project object */ = {
			isa = PBXProject;
			attributes = {
				LastUpgradeCheck = 0610;
				ORGANIZATIONNAME = "Namib Lost in Sweden";
				TargetAttributes = {
					6F7480921A10FBF000802F6F = {
						CreatedOnToolsVersion = 6.1;
					};
					6F7480AA1A10FBF100802F6F = {
						CreatedOnToolsVersion = 6.1;
						TestTargetID = 6F7480921A10FBF000802F6F;
					};
				};
			};
			buildConfigurationList = 6F74808E1A10FBF000802F6F /* Build configuration list for PBXProject "ExchangeAGram" */;
			compatibilityVersion = "Xcode 3.2";
			developmentRegion = English;
			hasScannedForEncodings = 0;
			knownRegions = (
				en,
				Base,
			);
			mainGroup = 6F74808A1A10FBF000802F6F;
			productRefGroup = 6F7480941A10FBF000802F6F /* Products */;
			projectDirPath = "";
			projectRoot = "";
			targets = (
				6F7480921A10FBF000802F6F /* ExchangeAGram */,
				6F7480AA1A10FBF100802F6F /* ExchangeAGramTests */,
			);
		};
/* End PBXProject section */

/* Begin PBXResourcesBuildPhase section */
		6F7480911A10FBF000802F6F /* Resources */ = {
			isa = PBXResourcesBuildPhase;
			buildActionMask = 2147483647;
			files = (
				6F7480A11A10FBF100802F6F /* Main.storyboard in Resources */,
				6F7480A61A10FBF100802F6F /* LaunchScreen.xib in Resources */,
				6F7480A31A10FBF100802F6F /* Images.xcassets in Resources */,
			);
			runOnlyForDeploymentPostprocessing = 0;
		};
		6F7480A91A10FBF100802F6F /* Resources */ = {
			isa = PBXResourcesBuildPhase;
			buildActionMask = 2147483647;
			files = (
			);
			runOnlyForDeploymentPostprocessing = 0;
		};
/* End PBXResourcesBuildPhase section */

/* Begin PBXSourcesBuildPhase section */
		6F74808F1A10FBF000802F6F /* Sources */ = {
			isa = PBXSourcesBuildPhase;
			buildActionMask = 2147483647;
			files = (
				6F7480991A10FBF000802F6F /* AppDelegate.swift in Sources */,
				6F7480BE1A11014F00802F6F /* FeedCell.swift in Sources */,
				6F7480BC1A10FDA600802F6F /* FeedViewController.swift in Sources */,
				6FB625FC1A13496300F6C396 /* FeedItem.swift in Sources */,
				6F74809C1A10FBF000802F6F /* ExchangeAGram.xcdatamodeld in Sources */,
			);
			runOnlyForDeploymentPostprocessing = 0;
		};
		6F7480A71A10FBF100802F6F /* Sources */ = {
			isa = PBXSourcesBuildPhase;
			buildActionMask = 2147483647;
			files = (
				6F7480B21A10FBF100802F6F /* ExchangeAGramTests.swift in Sources */,
			);
			runOnlyForDeploymentPostprocessing = 0;
		};
/* End PBXSourcesBuildPhase section */

/* Begin PBXTargetDependency section */
		6F7480AD1A10FBF100802F6F /* PBXTargetDependency */ = {
			isa = PBXTargetDependency;
			target = 6F7480921A10FBF000802F6F /* ExchangeAGram */;
			targetProxy = 6F7480AC1A10FBF100802F6F /* PBXContainerItemProxy */;
		};
/* End PBXTargetDependency section */

/* Begin PBXVariantGroup section */
		6F74809F1A10FBF100802F6F /* Main.storyboard */ = {
			isa = PBXVariantGroup;
			children = (
				6F7480A01A10FBF100802F6F /* Base */,
			);
			name = Main.storyboard;
			sourceTree = "<group>";
		};
		6F7480A41A10FBF100802F6F /* LaunchScreen.xib */ = {
			isa = PBXVariantGroup;
			children = (
				6F7480A51A10FBF100802F6F /* Base */,
			);
			name = LaunchScreen.xib;
			sourceTree = "<group>";
		};
/* End PBXVariantGroup section */

/* Begin XCBuildConfiguration section */
		6F7480B31A10FBF100802F6F /* Debug */ = {
			isa = XCBuildConfiguration;
			buildSettings = {
				ALWAYS_SEARCH_USER_PATHS = NO;
				CLANG_CXX_LANGUAGE_STANDARD = "gnu++0x";
				CLANG_CXX_LIBRARY = "libc++";
				CLANG_ENABLE_MODULES = YES;
				CLANG_ENABLE_OBJC_ARC = YES;
				CLANG_WARN_BOOL_CONVERSION = YES;
				CLANG_WARN_CONSTANT_CONVERSION = YES;
				CLANG_WARN_DIRECT_OBJC_ISA_USAGE = YES_ERROR;
				CLANG_WARN_EMPTY_BODY = YES;
				CLANG_WARN_ENUM_CONVERSION = YES;
				CLANG_WARN_INT_CONVERSION = YES;
				CLANG_WARN_OBJC_ROOT_CLASS = YES_ERROR;
				CLANG_WARN_UNREACHABLE_CODE = YES;
				CLANG_WARN__DUPLICATE_METHOD_MATCH = YES;
				"CODE_SIGN_IDENTITY[sdk=iphoneos*]" = "iPhone Developer";
				COPY_PHASE_STRIP = NO;
				ENABLE_STRICT_OBJC_MSGSEND = YES;
				GCC_C_LANGUAGE_STANDARD = gnu99;
				GCC_DYNAMIC_NO_PIC = NO;
				GCC_OPTIMIZATION_LEVEL = 0;
				GCC_PREPROCESSOR_DEFINITIONS = (
					"DEBUG=1",
					"$(inherited)",
				);
				GCC_SYMBOLS_PRIVATE_EXTERN = NO;
				GCC_WARN_64_TO_32_BIT_CONVERSION = YES;
				GCC_WARN_ABOUT_RETURN_TYPE = YES_ERROR;
				GCC_WARN_UNDECLARED_SELECTOR = YES;
				GCC_WARN_UNINITIALIZED_AUTOS = YES_AGGRESSIVE;
				GCC_WARN_UNUSED_FUNCTION = YES;
				GCC_WARN_UNUSED_VARIABLE = YES;
				IPHONEOS_DEPLOYMENT_TARGET = 8.1;
				MTL_ENABLE_DEBUG_INFO = YES;
				ONLY_ACTIVE_ARCH = YES;
				SDKROOT = iphoneos;
				SWIFT_OPTIMIZATION_LEVEL = "-Onone";
				TARGETED_DEVICE_FAMILY = "1,2";
			};
			name = Debug;
		};
		6F7480B41A10FBF100802F6F /* Release */ = {
			isa = XCBuildConfiguration;
			buildSettings = {
				ALWAYS_SEARCH_USER_PATHS = NO;
				CLANG_CXX_LANGUAGE_STANDARD = "gnu++0x";
				CLANG_CXX_LIBRARY = "libc++";
				CLANG_ENABLE_MODULES = YES;
				CLANG_ENABLE_OBJC_ARC = YES;
				CLANG_WARN_BOOL_CONVERSION = YES;
				CLANG_WARN_CONSTANT_CONVERSION = YES;
				CLANG_WARN_DIRECT_OBJC_ISA_USAGE = YES_ERROR;
				CLANG_WARN_EMPTY_BODY = YES;
				CLANG_WARN_ENUM_CONVERSION = YES;
				CLANG_WARN_INT_CONVERSION = YES;
				CLANG_WARN_OBJC_ROOT_CLASS = YES_ERROR;
				CLANG_WARN_UNREACHABLE_CODE = YES;
				CLANG_WARN__DUPLICATE_METHOD_MATCH = YES;
				"CODE_SIGN_IDENTITY[sdk=iphoneos*]" = "iPhone Developer";
				COPY_PHASE_STRIP = YES;
				ENABLE_NS_ASSERTIONS = NO;
				ENABLE_STRICT_OBJC_MSGSEND = YES;
				GCC_C_LANGUAGE_STANDARD = gnu99;
				GCC_WARN_64_TO_32_BIT_CONVERSION = YES;
				GCC_WARN_ABOUT_RETURN_TYPE = YES_ERROR;
				GCC_WARN_UNDECLARED_SELECTOR = YES;
				GCC_WARN_UNINITIALIZED_AUTOS = YES_AGGRESSIVE;
				GCC_WARN_UNUSED_FUNCTION = YES;
				GCC_WARN_UNUSED_VARIABLE = YES;
				IPHONEOS_DEPLOYMENT_TARGET = 8.1;
				MTL_ENABLE_DEBUG_INFO = NO;
				SDKROOT = iphoneos;
				TARGETED_DEVICE_FAMILY = "1,2";
				VALIDATE_PRODUCT = YES;
			};
			name = Release;
		};
		6F7480B61A10FBF100802F6F /* Debug */ = {
			isa = XCBuildConfiguration;
			buildSettings = {
				ASSETCATALOG_COMPILER_APPICON_NAME = AppIcon;
				INFOPLIST_FILE = ExchangeAGram/Info.plist;
				LD_RUNPATH_SEARCH_PATHS = "$(inherited) @executable_path/Frameworks";
				PRODUCT_NAME = "$(TARGET_NAME)";
			};
			name = Debug;
		};
		6F7480B71A10FBF100802F6F /* Release */ = {
			isa = XCBuildConfiguration;
			buildSettings = {
				ASSETCATALOG_COMPILER_APPICON_NAME = AppIcon;
				INFOPLIST_FILE = ExchangeAGram/Info.plist;
				LD_RUNPATH_SEARCH_PATHS = "$(inherited) @executable_path/Frameworks";
				PRODUCT_NAME = "$(TARGET_NAME)";
			};
			name = Release;
		};
		6F7480B91A10FBF100802F6F /* Debug */ = {
			isa = XCBuildConfiguration;
			buildSettings = {
				BUNDLE_LOADER = "$(TEST_HOST)";
				FRAMEWORK_SEARCH_PATHS = (
					"$(SDKROOT)/Developer/Library/Frameworks",
					"$(inherited)",
				);
				GCC_PREPROCESSOR_DEFINITIONS = (
					"DEBUG=1",
					"$(inherited)",
				);
				INFOPLIST_FILE = ExchangeAGramTests/Info.plist;
				LD_RUNPATH_SEARCH_PATHS = "$(inherited) @executable_path/Frameworks @loader_path/Frameworks";
				PRODUCT_NAME = "$(TARGET_NAME)";
				TEST_HOST = "$(BUILT_PRODUCTS_DIR)/ExchangeAGram.app/ExchangeAGram";
			};
			name = Debug;
		};
		6F7480BA1A10FBF100802F6F /* Release */ = {
			isa = XCBuildConfiguration;
			buildSettings = {
				BUNDLE_LOADER = "$(TEST_HOST)";
				FRAMEWORK_SEARCH_PATHS = (
					"$(SDKROOT)/Developer/Library/Frameworks",
					"$(inherited)",
				);
				INFOPLIST_FILE = ExchangeAGramTests/Info.plist;
				LD_RUNPATH_SEARCH_PATHS = "$(inherited) @executable_path/Frameworks @loader_path/Frameworks";
				PRODUCT_NAME = "$(TARGET_NAME)";
				TEST_HOST = "$(BUILT_PRODUCTS_DIR)/ExchangeAGram.app/ExchangeAGram";
			};
			name = Release;
		};
/* End XCBuildConfiguration section */

/* Begin XCConfigurationList section */
		6F74808E1A10FBF000802F6F /* Build configuration list for PBXProject "ExchangeAGram" */ = {
			isa = XCConfigurationList;
			buildConfigurations = (
				6F7480B31A10FBF100802F6F /* Debug */,
				6F7480B41A10FBF100802F6F /* Release */,
			);
			defaultConfigurationIsVisible = 0;
			defaultConfigurationName = Release;
		};
		6F7480B51A10FBF100802F6F /* Build configuration list for PBXNativeTarget "ExchangeAGram" */ = {
			isa = XCConfigurationList;
			buildConfigurations = (
				6F7480B61A10FBF100802F6F /* Debug */,
				6F7480B71A10FBF100802F6F /* Release */,
			);
			defaultConfigurationIsVisible = 0;
			defaultConfigurationName = Release;
		};
		6F7480B81A10FBF100802F6F /* Build configuration list for PBXNativeTarget "ExchangeAGramTests" */ = {
			isa = XCConfigurationList;
			buildConfigurations = (
				6F7480B91A10FBF100802F6F /* Debug */,
				6F7480BA1A10FBF100802F6F /* Release */,
			);
			defaultConfigurationIsVisible = 0;
			defaultConfigurationName = Release;
		};
/* End XCConfigurationList section */

/* Begin XCVersionGroup section */
		6F74809A1A10FBF000802F6F /* ExchangeAGram.xcdatamodeld */ = {
			isa = XCVersionGroup;
			children = (
				6F74809B1A10FBF000802F6F /* ExchangeAGram.xcdatamodel */,
			);
			currentVersion = 6F74809B1A10FBF000802F6F /* ExchangeAGram.xcdatamodel */;
			path = ExchangeAGram.xcdatamodeld;
			sourceTree = "<group>";
			versionGroupType = wrapper.xcdatamodel;
		};
/* End XCVersionGroup section */
	};
	rootObject = 6F74808B1A10FBF000802F6F /* Project object */;
}
